
Microsoft Visual Studio Solution File, Format Version 12.00
# Visual Studio Version 17
VisualStudioVersion = 17.5.33627.172
MinimumVisualStudioVersion = 10.0.40219.1
Project("{9A19103F-16F7-4668-BE54-9A1E7A4F7556}") = "LibraryApplication.Api", "LibraryApplication.Api\LibraryApplication.Api.csproj", "{6C350ACB-6889-4EFD-B73F-2DA8AEF79C6B}"
EndProject
Project("{9A19103F-16F7-4668-BE54-9A1E7A4F7556}") = "LibrarianApplication.Blazor", "LibrarianApplication.Blazor\LibrarianApplication.Blazor.csproj", "{30685A66-3B3C-46A9-815F-30165C6DEFF1}"
EndProject
Project("{9A19103F-16F7-4668-BE54-9A1E7A4F7556}") = "LibraryApp.Contract", "LibraryApp.Contract\LibraryApp.Contract.csproj", "{D5F99264-359E-4953-9B97-518736CCCC79}"
EndProject
Project("{9A19103F-16F7-4668-BE54-9A1E7A4F7556}") = "LibraryUserApplication.Blazor", "LibraryUserApplication.Blazor\LibraryUserApplication.Blazor.csproj", "{40AF5852-232B-43EF-B9D8-9BD4748146B4}"
EndProject
Global
	GlobalSection(SolutionConfigurationPlatforms) = preSolution
		Debug|Any CPU = Debug|Any CPU
		Release|Any CPU = Release|Any CPU
	EndGlobalSection
	GlobalSection(ProjectConfigurationPlatforms) = postSolution
		{6C350ACB-6889-4EFD-B73F-2DA8AEF79C6B}.Debug|Any CPU.ActiveCfg = Debug|Any CPU
		{6C350ACB-6889-4EFD-B73F-2DA8AEF79C6B}.Debug|Any CPU.Build.0 = Debug|Any CPU
		{6C350ACB-6889-4EFD-B73F-2DA8AEF79C6B}.Release|Any CPU.ActiveCfg = Release|Any CPU
		{6C350ACB-6889-4EFD-B73F-2DA8AEF79C6B}.Release|Any CPU.Build.0 = Release|Any CPU
		{30685A66-3B3C-46A9-815F-30165C6DEFF1}.Debug|Any CPU.ActiveCfg = Debug|Any CPU
		{30685A66-3B3C-46A9-815F-30165C6DEFF1}.Debug|Any CPU.Build.0 = Debug|Any CPU
		{30685A66-3B3C-46A9-815F-30165C6DEFF1}.Release|Any CPU.ActiveCfg = Release|Any CPU
		{30685A66-3B3C-46A9-815F-30165C6DEFF1}.Release|Any CPU.Build.0 = Release|Any CPU
		{D5F99264-359E-4953-9B97-518736CCCC79}.Debug|Any CPU.ActiveCfg = Debug|Any CPU
		{D5F99264-359E-4953-9B97-518736CCCC79}.Debug|Any CPU.Build.0 = Debug|Any CPU
		{D5F99264-359E-4953-9B97-518736CCCC79}.Release|Any CPU.ActiveCfg = Release|Any CPU
		{D5F99264-359E-4953-9B97-518736CCCC79}.Release|Any CPU.Build.0 = Release|Any CPU
		{40AF5852-232B-43EF-B9D8-9BD4748146B4}.Debug|Any CPU.ActiveCfg = Debug|Any CPU
		{40AF5852-232B-43EF-B9D8-9BD4748146B4}.Debug|Any CPU.Build.0 = Debug|Any CPU
		{40AF5852-232B-43EF-B9D8-9BD4748146B4}.Release|Any CPU.ActiveCfg = Release|Any CPU
		{40AF5852-232B-43EF-B9D8-9BD4748146B4}.Release|Any CPU.Build.0 = Release|Any CPU
	EndGlobalSection
	GlobalSection(SolutionProperties) = preSolution
		HideSolutionNode = FALSE
	EndGlobalSection
	GlobalSection(ExtensibilityGlobals) = postSolution
		SolutionGuid = {7976DAB1-1F95-4187-9257-EEC7EAD241E2}
	EndGlobalSection
EndGlobal
